
Microsoft Visual Studio Solution File, Format Version 12.00
# Visual Studio Version 16
VisualStudioVersion = 25.0.1706.2
MinimumVisualStudioVersion = 10.0.40219.1
Project("{FAE04EC0-301F-11D3-BF4B-00C04F79EFBC}") = "API", "API\API.csproj", "{7D9CC46A-09AC-4066-99A1-C07F19274E08}"
EndProject
Project("{FAE04EC0-301F-11D3-BF4B-00C04F79EFBC}") = "EstructurasDeDatos", "..\..\..\EstructurasDeDatos\EstructurasDeDatos.csproj", "{D8C0329B-C2F6-481A-950F-978167A4846A}"
EndProject
Global
	GlobalSection(SolutionConfigurationPlatforms) = preSolution
		Debug|Any CPU = Debug|Any CPU
		Release|Any CPU = Release|Any CPU
	EndGlobalSection
	GlobalSection(ProjectConfigurationPlatforms) = postSolution
		{7D9CC46A-09AC-4066-99A1-C07F19274E08}.Debug|Any CPU.ActiveCfg = Debug|Any CPU
		{7D9CC46A-09AC-4066-99A1-C07F19274E08}.Debug|Any CPU.Build.0 = Debug|Any CPU
		{7D9CC46A-09AC-4066-99A1-C07F19274E08}.Release|Any CPU.ActiveCfg = Release|Any CPU
		{7D9CC46A-09AC-4066-99A1-C07F19274E08}.Release|Any CPU.Build.0 = Release|Any CPU
		{D8C0329B-C2F6-481A-950F-978167A4846A}.Debug|Any CPU.ActiveCfg = Debug|Any CPU
		{D8C0329B-C2F6-481A-950F-978167A4846A}.Debug|Any CPU.Build.0 = Debug|Any CPU
		{D8C0329B-C2F6-481A-950F-978167A4846A}.Release|Any CPU.ActiveCfg = Release|Any CPU
		{D8C0329B-C2F6-481A-950F-978167A4846A}.Release|Any CPU.Build.0 = Release|Any CPU
	EndGlobalSection
	GlobalSection(SolutionProperties) = preSolution
		HideSolutionNode = FALSE
	EndGlobalSection
	GlobalSection(ExtensibilityGlobals) = postSolution
		SolutionGuid = {8D77F776-5CD9-4F7E-B41B-C96663161F04}
	EndGlobalSection
EndGlobal
